<?xml version="1.0" encoding="utf-8"?>
<Project ToolsVersion="16.0" xmlns="http://schemas.microsoft.com/developer/msbuild/2003">
  <ItemGroup>
    <ClCompile Include="E:\Projects\C++\23L-0553, 23L-0907\main.cpp">
      <Filter>Source Files</Filter>
    </ClCompile>
  </ItemGroup>
  <ItemGroup>
    <CustomBuild Include="E:\Projects\C++\23L-0553, 23L-0907\CMakeLists.txt" />
  </ItemGroup>
  <ItemGroup>
    <Filter Include="Source Files">
      <UniqueIdentifier>{76A9EA64-F11A-36A1-B88B-00DDBF8C11B1}</UniqueIdentifier>
    </Filter>
  </ItemGroup>
</Project>
